
Microsoft Visual Studio Solution File, Format Version 12.00
# Visual Studio Version 17
VisualStudioVersion = 17.6.33815.320
MinimumVisualStudioVersion = 10.0.40219.1
Project("{FAE04EC0-301F-11D3-BF4B-00C04F79EFBC}") = "ShapeAreaLib", "ShapeAreaLib.csproj", "{4BF98A3F-E867-4EE3-BE40-2E0FB32F0302}"
EndProject
Global
	GlobalSection(SolutionConfigurationPlatforms) = preSolution
		Debug|Any CPU = Debug|Any CPU
		Release|Any CPU = Release|Any CPU
	EndGlobalSection
	GlobalSection(ProjectConfigurationPlatforms) = postSolution
		{4BF98A3F-E867-4EE3-BE40-2E0FB32F0302}.Debug|Any CPU.ActiveCfg = Debug|Any CPU
		{4BF98A3F-E867-4EE3-BE40-2E0FB32F0302}.Debug|Any CPU.Build.0 = Debug|Any CPU
		{4BF98A3F-E867-4EE3-BE40-2E0FB32F0302}.Release|Any CPU.ActiveCfg = Release|Any CPU
		{4BF98A3F-E867-4EE3-BE40-2E0FB32F0302}.Release|Any CPU.Build.0 = Release|Any CPU
	EndGlobalSection
	GlobalSection(SolutionProperties) = preSolution
		HideSolutionNode = FALSE
	EndGlobalSection
	GlobalSection(ExtensibilityGlobals) = postSolution
		SolutionGuid = {53059DB3-1F86-46A1-89B9-CF566BC51983}
	EndGlobalSection
EndGlobal
